
Microsoft Visual Studio Solution File, Format Version 12.00
# Visual Studio Version 16
VisualStudioVersion = 16.0.29503.13
MinimumVisualStudioVersion = 10.0.40219.1
Project("{FAE04EC0-301F-11D3-BF4B-00C04F79EFBC}") = "RepositoryPattern", "RepositoryPattern.csproj", "{C02F3E4E-ACB9-489F-8393-868ED6A39BB7}"
EndProject
Project("{FAE04EC0-301F-11D3-BF4B-00C04F79EFBC}") = "Model", "..\Model\Model.csproj", "{F78E574F-4908-4F10-AB2C-EF20C36C4700}"
EndProject
Global
	GlobalSection(SolutionConfigurationPlatforms) = preSolution
		Debug|Any CPU = Debug|Any CPU
		Release|Any CPU = Release|Any CPU
	EndGlobalSection
	GlobalSection(ProjectConfigurationPlatforms) = postSolution
		{C02F3E4E-ACB9-489F-8393-868ED6A39BB7}.Debug|Any CPU.ActiveCfg = Debug|Any CPU
		{C02F3E4E-ACB9-489F-8393-868ED6A39BB7}.Debug|Any CPU.Build.0 = Debug|Any CPU
		{C02F3E4E-ACB9-489F-8393-868ED6A39BB7}.Release|Any CPU.ActiveCfg = Release|Any CPU
		{C02F3E4E-ACB9-489F-8393-868ED6A39BB7}.Release|Any CPU.Build.0 = Release|Any CPU
		{F78E574F-4908-4F10-AB2C-EF20C36C4700}.Debug|Any CPU.ActiveCfg = Debug|Any CPU
		{F78E574F-4908-4F10-AB2C-EF20C36C4700}.Debug|Any CPU.Build.0 = Debug|Any CPU
		{F78E574F-4908-4F10-AB2C-EF20C36C4700}.Release|Any CPU.ActiveCfg = Release|Any CPU
		{F78E574F-4908-4F10-AB2C-EF20C36C4700}.Release|Any CPU.Build.0 = Release|Any CPU
	EndGlobalSection
	GlobalSection(SolutionProperties) = preSolution
		HideSolutionNode = FALSE
	EndGlobalSection
	GlobalSection(ExtensibilityGlobals) = postSolution
		SolutionGuid = {9C52D52C-E12F-472F-86F9-CDD655306ED2}
	EndGlobalSection
EndGlobal
